# THIS IS AN AUTOGENERATED FILE. DO NOT EDIT THIS FILE DIRECTLY.
# yarn lockfile v1


"@prisma/client@3.7.0":
  version "3.7.0"
  resolved "https://registry.yarnpkg.com/@prisma/client/-/client-3.7.0.tgz#9cafc105f12635c95e9b7e7b18e8fbf52cf3f18a"
  integrity sha512-fUJMvBOX5C7JPc0e3CJD6Gbelbu4dMJB4ScYpiht8HMUnRShw20ULOipTopjNtl6ekHQJ4muI7pXlQxWS9nMbw==
  dependencies:
    "@prisma/engines-version" "3.7.0-31.8746e055198f517658c08a0c426c7eec87f5a85f"

"@prisma/engines-version@3.7.0-31.8746e055198f517658c08a0c426c7eec87f5a85f":
  version "3.7.0-31.8746e055198f517658c08a0c426c7eec87f5a85f"
  resolved "https://registry.yarnpkg.com/@prisma/engines-version/-/engines-version-3.7.0-31.8746e055198f517658c08a0c426c7eec87f5a85f.tgz#055f36ac8b06c301332c14963cd0d6c795942c90"
  integrity sha512-+qx2b+HK7BKF4VCa0LZ/t1QCXsu6SmvhUQyJkOD2aPpmOzket4fEnSKQZSB0i5tl7rwCDsvAiSeK8o7rf+yvwg==

"@prisma/engines@3.7.0-31.8746e055198f517658c08a0c426c7eec87f5a85f":
  version "3.7.0-31.8746e055198f517658c08a0c426c7eec87f5a85f"
  resolved "https://registry.yarnpkg.com/@prisma/engines/-/engines-3.7.0-31.8746e055198f517658c08a0c426c7eec87f5a85f.tgz#12f28d5b78519fbd84c89a5bdff457ff5095e7a2"
  integrity sha512-W549ub5NlgexNhR8EFstA/UwAWq3Zq0w9aNkraqsozVCt2CsX+lK4TK7IW5OZVSnxHwRjrgEAt3r9yPy8nZQRg==

ansi-styles@^4.1.0:
  version "4.3.0"
  resolved "https://registry.yarnpkg.com/ansi-styles/-/ansi-styles-4.3.0.tgz#edd803628ae71c04c85ae7a0906edad34b648937"
  integrity sha512-zbB9rCJAT1rbjiVDb2hqKFHNYLxgtk8NURxZ3IZwD3F6NtxbXZQCnnSi1Lkx+IDohdPlFp222wVALIheZJQSEg==
  dependencies:
    color-convert "^2.0.1"

chalk@^4.1.2:
  version "4.1.2"
  resolved "https://registry.yarnpkg.com/chalk/-/chalk-4.1.2.tgz#aac4e2b7734a740867aeb16bf02aad556a1e7a01"
  integrity sha512-oKnbhFyRIXpUuez8iBMmyEa4nbj4IOQyuhc/wy9kY7/WVPcwIO9VA668Pu8RkO7+0G76SLROeyw9CpQ061i4mA==
  dependencies:
    ansi-styles "^4.1.0"
    supports-color "^7.1.0"

color-convert@^2.0.1:
  version "2.0.1"
  resolved "https://registry.yarnpkg.com/color-convert/-/color-convert-2.0.1.tgz#72d3a68d598c9bdb3af2ad1e84f21d896abd4de3"
  integrity sha512-RRECPsj7iu/xb5oKYcsFHSppFNnsj/52OVTRKb4zP5onXwVF3zVmmToNcOfGC+CRDpfK/U584fMg38ZHCaElKQ==
  dependencies:
    color-name "~1.1.4"

color-name@~1.1.4:
  version "1.1.4"
  resolved "https://registry.yarnpkg.com/color-name/-/color-name-1.1.4.tgz#c2a09a87acbde69543de6f63fa3995c826c536a2"
  integrity sha512-dOy+3AuW3a2wNbZHIuMZpTcgjGuLU/uBL/ubcZF9OXbDo8ff4O8yVp5Bf0efS8uEoYo5q4Fx7dY9OgQGXgAsQA==

dotenv-expand@^5.1.0:
  version "5.1.0"
  resolved "https://registry.yarnpkg.com/dotenv-expand/-/dotenv-expand-5.1.0.tgz#3fbaf020bfd794884072ea26b1e9791d45a629f0"
  integrity sha512-YXQl1DSa4/PQyRfgrv6aoNjhasp/p4qs9FjJ4q4cQk+8m4r6k4ZSiEyytKG8f8W9gi8WsQtIObNmKd+tMzNTmA==

dotenv@^10.0.0:
  version "10.0.0"
  resolved "https://registry.yarnpkg.com/dotenv/-/dotenv-10.0.0.tgz#3d4227b8fb95f81096cdd2b66653fb2c7085ba81"
  integrity sha512-rlBi9d8jpv9Sf1klPjNfFAuWDjKLwTIJJ/VxtoTwIR6hnZxcEOQCZg2oIL3MWBYw5GpUDKOEnND7LXTbIpQ03Q==

has-flag@^4.0.0:
  version "4.0.0"
  resolved "https://registry.yarnpkg.com/has-flag/-/has-flag-4.0.0.tgz#944771fd9c81c81265c4d6941860da06bb59479b"
  integrity sha512-EykJT/Q1KjTWctppgIAgfSO0tKVuZUjhgMr17kqTumMl6Afv3EISleU7qZUzoXDFTAHTDC4NOoG/ZxU3EvlMPQ==

prisma@3.7.0:
  version "3.7.0"
  resolved "https://registry.yarnpkg.com/prisma/-/prisma-3.7.0.tgz#9c73eeb2f16f767fdf523d0f4cc4c749734d62e2"
  integrity sha512-pzgc95msPLcCHqOli7Hnabu/GRfSGSUWl5s2P6N13T/rgMB+NNeKbxCmzQiZT2yLOeLEPivV6YrW1oeQIwJxcg==
  dependencies:
    "@prisma/engines" "3.7.0-31.8746e055198f517658c08a0c426c7eec87f5a85f"

serverless-dotenv-plugin@3.12.1:
  version "3.12.1"
  resolved "https://registry.yarnpkg.com/serverless-dotenv-plugin/-/serverless-dotenv-plugin-3.12.1.tgz#670e67e8b35a4376b5fbaad0c591b733753a9673"
  integrity sha512-euAEJmq+xRRLaeKrVcG0gst9GolkkrqSKAmid2+ytMWA+Vs4N1rrKD1FapLhpv/BUrJlBOug6R2WDfAMg5y0xA==
  dependencies:
    chalk "^4.1.2"
    dotenv "^10.0.0"
    dotenv-expand "^5.1.0"

supports-color@^7.1.0:
  version "7.2.0"
  resolved "https://registry.yarnpkg.com/supports-color/-/supports-color-7.2.0.tgz#1b7dcdcb32b8138801b3e478ba6a51caa89648da"
  integrity sha512-qpCAvRl9stuOHveKsn7HncJRvv501qIacKzQlO/+Lwxc9+0q2wLyv4Dfvt80/DPn2pqOBsJdDiogXGR9+OvwRw==
  dependencies:
    has-flag "^4.0.0"
